
Microsoft Visual Studio Solution File, Format Version 12.00
# Visual Studio Version 17
VisualStudioVersion = 17.8.34330.188
MinimumVisualStudioVersion = 10.0.40219.1
Project("{FAE04EC0-301F-11D3-BF4B-00C04F79EFBC}") = "CasoPractico2_MacoteloYaritza_LopezJoselyn", "CasoPractico2_MacoteloYaritza_LopezJoselyn\CasoPractico2_MacoteloYaritza_LopezJoselyn.csproj", "{731061FB-FEF1-49B4-B3A1-8A923195F6CC}"
EndProject
Global
	GlobalSection(SolutionConfigurationPlatforms) = preSolution
		Debug|Any CPU = Debug|Any CPU
		Release|Any CPU = Release|Any CPU
	EndGlobalSection
	GlobalSection(ProjectConfigurationPlatforms) = postSolution
		{731061FB-FEF1-49B4-B3A1-8A923195F6CC}.Debug|Any CPU.ActiveCfg = Debug|Any CPU
		{731061FB-FEF1-49B4-B3A1-8A923195F6CC}.Debug|Any CPU.Build.0 = Debug|Any CPU
		{731061FB-FEF1-49B4-B3A1-8A923195F6CC}.Release|Any CPU.ActiveCfg = Release|Any CPU
		{731061FB-FEF1-49B4-B3A1-8A923195F6CC}.Release|Any CPU.Build.0 = Release|Any CPU
	EndGlobalSection
	GlobalSection(SolutionProperties) = preSolution
		HideSolutionNode = FALSE
	EndGlobalSection
	GlobalSection(ExtensibilityGlobals) = postSolution
		SolutionGuid = {73E0FAF4-9945-41D0-AFB4-51346B7E6E22}
	EndGlobalSection
EndGlobal
